{
  "nodes": {
    "home-manager": {
      "inputs": {
        "nixpkgs": [
          "nixpkgs"
        ]
      },
      "locked": {
        "lastModified": 1781877556,
        "narHash": "sha256-Ek2QZE3LHiHfqJSddh6Y5D7xSRHmMPxW9AxX6FUEGZU=",
        "owner": "nix-community",
        "repo": "home-manager",
        "rev": "43f9f0abc60d267585e61400b64a7f55f38a8c54",
        "type": "github"
      },
      "original": {
        "owner": "nix-community",
        "repo": "home-manager",
        "type": "github"
      }
    },
    "nixpkgs": {
      "locked": {
        "lastModified": 1781577229,
        "narHash": "sha256-lrp67w8AulE9Ks53n27I45ADSzbOCn4H+CNW1Ck8B+8=",
        "owner": "nixos",
        "repo": "nixpkgs",
        "rev": "567a49d1913ce81ac6e9582e3553dd90a955875f",
        "type": "github"
      },
      "original": {
        "owner": "nixos",
        "ref": "nixos-unstable",
        "repo": "nixpkgs",
        "type": "github"
      }
    },
    "nvim-config": {
      "flake": false,
      "locked": {
        "lastModified": 1781725049,
        "narHash": "sha256-zsq3rQUWnTsGa8YPdY12Ujj7p2sdsoTCaCgVuTcgIDo=",
        "owner": "papakallo",
        "repo": "kickstart.nvim",
        "rev": "c83144ea4b271ff64dcacb76a615d200344c7a4e",
        "type": "github"
      },
      "original": {
        "owner": "papakallo",
        "ref": "master",
        "repo": "kickstart.nvim",
        "type": "github"
      }
    },
    "root": {
      "inputs": {
        "home-manager": "home-manager",
        "nixpkgs": "nixpkgs",
        "nvim-config": "nvim-config"
      }
    }
  },
  "root": "root",
  "version": 7
}
